version = 1
requires-python = ">=3.11"

[[package]]
name = "imagecodecs"
version = "2024.12.30"
source = { registry = "https://pypi.org/simple" }
dependencies = [
    { name = "numpy" },
]
sdist = { url = "https://files.pythonhosted.org/packages/ec/f8/d7e5fe6084af4b6ee2240b77505d37732857a4931c1425283b1e53bae59d/imagecodecs-2024.12.30.tar.gz", hash = "sha256:4c88f745719313cabea6dd5f1e69c9f93346de91c0f1e770eb969f2232247f21", size = 9502615 }
wheels = [
    { url = "https://files.pythonhosted.org/packages/5b/7b/7143a5a6b711e6b7da354fc05b1f685da161bf9b94ca6a55f7f864660525/imagecodecs-2024.12.30-cp311-cp311-macosx_10_14_x86_64.whl", hash = "sha256:ad6d8d4c61df08824a93d441b41f0b62ed03281b73bfc5a3f1590f3be7629321", size = 17968024 },
    { url = "https://files.pythonhosted.org/packages/01/c3/ed6a3e2adefb3dc7aeaa91263174a1414cef3d5d8f65a3fc5801335291e3/imagecodecs-2024.12.30-cp311-cp311-macosx_11_0_arm64.whl", hash = "sha256:dcb40f08a1a74ea97317c032f30688a71c85b8f8b9414f0ace824862e21ead7b", size = 15065782 },
    { url = "https://files.pythonhosted.org/packages/75/4e/d3cf901f399d0ef1c9c896f3ec36621c711ef4481103a3ac215a2fa2f391/imagecodecs-2024.12.30-cp311-cp311-manylinux_2_17_aarch64.manylinux2014_aarch64.whl", hash = "sha256:ff3fce17a03db6a7a9c3b6d2860815b697d2a6756f246ffdeb5462fcc2914fba", size = 44188124 },
    { url = "https://files.pythonhosted.org/packages/88/2a/4e4e671c2b52bd980fbc701e0de16611a239b74e8d603878b09113efb955/imagecodecs-2024.12.30-cp311-cp311-manylinux_2_17_x86_64.manylinux2014_x86_64.whl", hash = "sha256:227bdfc3476f57862e0602ab921a8f2bd1017c70227e122d42f1cdf6d1117af9", size = 45537461 },
    { url = "https://files.pythonhosted.org/packages/3e/95/74c14f1a4f5ce74ea247b5a9886ab1561a8b2ba4e3422f98af288400407d/imagecodecs-2024.12.30-cp311-cp311-win32.whl", hash = "sha256:e722ee1bfaaf8173a37cc1dc11d7033e097dffc7d6f3d54a5e2b7333425b7a64", size = 24059057 },
    { url = "https://files.pythonhosted.org/packages/bd/98/484ee34cc333018f5f8674113b61c7a4abf1b16d9917243b2fd850b7007f/imagecodecs-2024.12.30-cp311-cp311-win_amd64.whl", hash = "sha256:7acf874924cc49bb501c9194e6d9d12db95c83a06cd9bc3f9ed1adfe5f1b493f", size = 28842412 },
    { url = "https://files.pythonhosted.org/packages/2b/70/16e0a4c11089e5037ed8f4aac559449d532edbf65363acf0cc4150c74582/imagecodecs-2024.12.30-cp311-cp311-win_arm64.whl", hash = "sha256:8bd17f6dcd0cc5b7bffcebd0d965d0158957c8fe0fe97e41c7b69e1284787cbf", size = 23799454 },
    { url = "https://files.pythonhosted.org/packages/5f/22/f691b42e7a6418d55fefeede2c9db444c64e02f6f58c5eaf6eaf72e791e1/imagecodecs-2024.12.30-cp312-cp312-macosx_10_14_x86_64.whl", hash = "sha256:d296f144b2f2ef1c33fd397941a77f2dc79ebdf9a9169a377eccca8bb074c5c9", size = 18021922 },
    { url = "https://files.pythonhosted.org/packages/a8/65/c66cc78e3d0c0aca017957d97759babf64d385454aa6dc8d5395665c3f6b/imagecodecs-2024.12.30-cp312-cp312-macosx_11_0_arm64.whl", hash = "sha256:65d480431a2e99a9ecfb340f960e98ed70a634cd617dac274fddd855a9cac9a5", size = 15104045 },
    { url = "https://files.pythonhosted.org/packages/4d/94/59eec628857f659ed6cb2e49414b032b209532fa6fad7acec95ebf0c035b/imagecodecs-2024.12.30-cp312-cp312-manylinux_2_17_aarch64.manylinux2014_aarch64.whl", hash = "sha256:4018bccb0c905c9e1f7a84bed23ca21ad60ec05771ff7fe904d5bd264743cbd2", size = 43689029 },
    { url = "https://files.pythonhosted.org/packages/a9/02/2c0ec54c6e0746b7d5317de0bddce918d233476cd6f543e50ff4d378ca74/imagecodecs-2024.12.30-cp312-cp312-manylinux_2_17_x86_64.manylinux2014_x86_64.whl", hash = "sha256:b03211f1853a184a0f5e78eef5b5d121ba59c6b00cf73abb83c1561cc7edafb6", size = 45225562 },
    { url = "https://files.pythonhosted.org/packages/f8/08/139ebbedbcecd98af0d67b3584f23e0a64cdbe1668013257e2c02ed1c98b/imagecodecs-2024.12.30-cp312-cp312-win32.whl", hash = "sha256:3971078c5f2960c5086c5d63a0bb6db53000b959bc87ab418e4c7b6e715116bf", size = 24066349 },
    { url = "https://files.pythonhosted.org/packages/be/ea/8e1046e82b812c409f96a340f10fcc2e1a4149de6543aca4a5535d7e1b11/imagecodecs-2024.12.30-cp312-cp312-win_amd64.whl", hash = "sha256:758ba651f74f0c6fc86e6d741e385121721610830eb4421703fbb69c2638ce8a", size = 28854922 },
    { url = "https://files.pythonhosted.org/packages/4a/4e/ba473a4f4267a0abfed97f7623d22e777ce569422180b50e7ead4c3f5a75/imagecodecs-2024.12.30-cp312-cp312-win_arm64.whl", hash = "sha256:1dd4d32b6c8cdc3117687324f5b79b14e0378d496289b20dd82c724c56e7b082", size = 23766833 },
    { url = "https://files.pythonhosted.org/packages/ee/43/1ae8be8f29e364be63ba7bc8505cf900bb5a7a700bc863a9412ac32bf2ce/imagecodecs-2024.12.30-cp313-cp313-macosx_10_14_x86_64.whl", hash = "sha256:cf4431927ebf59278d3f10047e164f2977b5e4f47a404dabd8a99f7490cc12d8", size = 17954267 },
    { url = "https://files.pythonhosted.org/packages/08/83/fd8fd604116a16e54e58cde734c2d2f3a0ef23d0581615c98c771f6543c9/imagecodecs-2024.12.30-cp313-cp313-macosx_11_0_arm64.whl", hash = "sha256:f381fb82d10b7d374d744e59088763c0d8a7dc299c90f573000fbb2e5bb32b39", size = 15046084 },
    { url = "https://files.pythonhosted.org/packages/50/cf/35e0ae6a5b082f109a48a5124f176d2ad3b3a43fe73c7f879ba39aaa79d5/imagecodecs-2024.12.30-cp313-cp313-manylinux_2_17_aarch64.manylinux2014_aarch64.whl", hash = "sha256:54d5dc773ffdcacf43c8755725a232f474f81bc948828740b327b38bc4968685", size = 43588997 },
    { url = "https://files.pythonhosted.org/packages/0d/8f/6fc9e544ae8dd0f4bc2b42bbc4e7127da842e05c94d681a9dd6800bab34c/imagecodecs-2024.12.30-cp313-cp313-manylinux_2_17_x86_64.manylinux2014_x86_64.whl", hash = "sha256:96c4993156b02e624bc4f0477b27d62e56d38deb4dbaf7c66def9bdde3a63a04", size = 45195762 },
    { url = "https://files.pythonhosted.org/packages/96/cc/9660147b0ddfc645d83c0d345b746268a71d22a2fa136e0f27b4c4da81b9/imagecodecs-2024.12.30-cp313-cp313-win32.whl", hash = "sha256:2c0bad37325290dd208a6b5024bd1afb258514ffe32ca385a20ef3ff35a6b0fb", size = 24050065 },
    { url = "https://files.pythonhosted.org/packages/f8/8e/01eb200e0475bb1e1a19a8f8362faed90c22efae37b29174bfb692e9f938/imagecodecs-2024.12.30-cp313-cp313-win_amd64.whl", hash = "sha256:08a911ccf658cbeed43fc58d4b52b61adc4917f654e9daf9a3372e98d75e6f07", size = 28829746 },
    { url = "https://files.pythonhosted.org/packages/57/d4/f5e050cb95f9fbdc79ee8bd4d0f12d33885634b1687e60abe03ea5495dfa/imagecodecs-2024.12.30-cp313-cp313-win_arm64.whl", hash = "sha256:ee494925e96b405e7452a658c0049230e7541b364cba837bc54d0f57e4a065d1", size = 23751303 },
]

[[package]]
name = "img-proc"
version = "0.1.0"
source = { editable = "." }
dependencies = [
    { name = "imagecodecs" },
    { name = "psdtags" },
]

[package.metadata]
requires-dist = [
    { name = "imagecodecs", specifier = ">=2024.12.30" },
    { name = "psdtags", specifier = ">=2025.1.1" },
]

[[package]]
name = "numpy"
version = "2.2.3"
source = { registry = "https://pypi.org/simple" }
sdist = { url = "https://files.pythonhosted.org/packages/fb/90/8956572f5c4ae52201fdec7ba2044b2c882832dcec7d5d0922c9e9acf2de/numpy-2.2.3.tar.gz", hash = "sha256:dbdc15f0c81611925f382dfa97b3bd0bc2c1ce19d4fe50482cb0ddc12ba30020", size = 20262700 }
wheels = [
    { url = "https://files.pythonhosted.org/packages/96/86/453aa3949eab6ff54e2405f9cb0c01f756f031c3dc2a6d60a1d40cba5488/numpy-2.2.3-cp311-cp311-macosx_10_9_x86_64.whl", hash = "sha256:16372619ee728ed67a2a606a614f56d3eabc5b86f8b615c79d01957062826ca8", size = 21237256 },
    { url = "https://files.pythonhosted.org/packages/20/c3/93ecceadf3e155d6a9e4464dd2392d8d80cf436084c714dc8535121c83e8/numpy-2.2.3-cp311-cp311-macosx_11_0_arm64.whl", hash = "sha256:5521a06a3148686d9269c53b09f7d399a5725c47bbb5b35747e1cb76326b714b", size = 14408049 },
    { url = "https://files.pythonhosted.org/packages/8d/29/076999b69bd9264b8df5e56f2be18da2de6b2a2d0e10737e5307592e01de/numpy-2.2.3-cp311-cp311-macosx_14_0_arm64.whl", hash = "sha256:7c8dde0ca2f77828815fd1aedfdf52e59071a5bae30dac3b4da2a335c672149a", size = 5408655 },
    { url = "https://files.pythonhosted.org/packages/e2/a7/b14f0a73eb0fe77cb9bd5b44534c183b23d4229c099e339c522724b02678/numpy-2.2.3-cp311-cp311-macosx_14_0_x86_64.whl", hash = "sha256:77974aba6c1bc26e3c205c2214f0d5b4305bdc719268b93e768ddb17e3fdd636", size = 6949996 },
    { url = "https://files.pythonhosted.org/packages/72/2f/8063da0616bb0f414b66dccead503bd96e33e43685c820e78a61a214c098/numpy-2.2.3-cp311-cp311-manylinux_2_17_aarch64.manylinux2014_aarch64.whl", hash = "sha256:d42f9c36d06440e34226e8bd65ff065ca0963aeecada587b937011efa02cdc9d", size = 14355789 },
    { url = "https://files.pythonhosted.org/packages/e6/d7/3cd47b00b8ea95ab358c376cf5602ad21871410950bc754cf3284771f8b6/numpy-2.2.3-cp311-cp311-manylinux_2_17_x86_64.manylinux2014_x86_64.whl", hash = "sha256:f2712c5179f40af9ddc8f6727f2bd910ea0eb50206daea75f58ddd9fa3f715bb", size = 16411356 },
    { url = "https://files.pythonhosted.org/packages/27/c0/a2379e202acbb70b85b41483a422c1e697ff7eee74db642ca478de4ba89f/numpy-2.2.3-cp311-cp311-musllinux_1_2_aarch64.whl", hash = "sha256:c8b0451d2ec95010d1db8ca733afc41f659f425b7f608af569711097fd6014e2", size = 15576770 },
    { url = "https://files.pythonhosted.org/packages/bc/63/a13ee650f27b7999e5b9e1964ae942af50bb25606d088df4229283eda779/numpy-2.2.3-cp311-cp311-musllinux_1_2_x86_64.whl", hash = "sha256:d9b4a8148c57ecac25a16b0e11798cbe88edf5237b0df99973687dd866f05e1b", size = 18200483 },
    { url = "https://files.pythonhosted.org/packages/4c/87/e71f89935e09e8161ac9c590c82f66d2321eb163893a94af749dfa8a3cf8/numpy-2.2.3-cp311-cp311-win32.whl", hash = "sha256:1f45315b2dc58d8a3e7754fe4e38b6fce132dab284a92851e41b2b344f6441c5", size = 6588415 },
    { url = "https://files.pythonhosted.org/packages/b9/c6/cd4298729826af9979c5f9ab02fcaa344b82621e7c49322cd2d210483d3f/numpy-2.2.3-cp311-cp311-win_amd64.whl", hash = "sha256:9f48ba6f6c13e5e49f3d3efb1b51c8193215c42ac82610a04624906a9270be6f", size = 12929604 },
    { url = "https://files.pythonhosted.org/packages/43/ec/43628dcf98466e087812142eec6d1c1a6c6bdfdad30a0aa07b872dc01f6f/numpy-2.2.3-cp312-cp312-macosx_10_13_x86_64.whl", hash = "sha256:12c045f43b1d2915eca6b880a7f4a256f59d62df4f044788c8ba67709412128d", size = 20929458 },
    { url = "https://files.pythonhosted.org/packages/9b/c0/2f4225073e99a5c12350954949ed19b5d4a738f541d33e6f7439e33e98e4/numpy-2.2.3-cp312-cp312-macosx_11_0_arm64.whl", hash = "sha256:87eed225fd415bbae787f93a457af7f5990b92a334e346f72070bf569b9c9c95", size = 14115299 },
    { url = "https://files.pythonhosted.org/packages/ca/fa/d2c5575d9c734a7376cc1592fae50257ec95d061b27ee3dbdb0b3b551eb2/numpy-2.2.3-cp312-cp312-macosx_14_0_arm64.whl", hash = "sha256:712a64103d97c404e87d4d7c47fb0c7ff9acccc625ca2002848e0d53288b90ea", size = 5145723 },
    { url = "https://files.pythonhosted.org/packages/eb/dc/023dad5b268a7895e58e791f28dc1c60eb7b6c06fcbc2af8538ad069d5f3/numpy-2.2.3-cp312-cp312-macosx_14_0_x86_64.whl", hash = "sha256:a5ae282abe60a2db0fd407072aff4599c279bcd6e9a2475500fc35b00a57c532", size = 6678797 },
    { url = "https://files.pythonhosted.org/packages/3f/19/bcd641ccf19ac25abb6fb1dcd7744840c11f9d62519d7057b6ab2096eb60/numpy-2.2.3-cp312-cp312-manylinux_2_17_aarch64.manylinux2014_aarch64.whl", hash = "sha256:5266de33d4c3420973cf9ae3b98b54a2a6d53a559310e3236c4b2b06b9c07d4e", size = 14067362 },
    { url = "https://files.pythonhosted.org/packages/39/04/78d2e7402fb479d893953fb78fa7045f7deb635ec095b6b4f0260223091a/numpy-2.2.3-cp312-cp312-manylinux_2_17_x86_64.manylinux2014_x86_64.whl", hash = "sha256:3b787adbf04b0db1967798dba8da1af07e387908ed1553a0d6e74c084d1ceafe", size = 16116679 },
    { url = "https://files.pythonhosted.org/packages/d0/a1/e90f7aa66512be3150cb9d27f3d9995db330ad1b2046474a13b7040dfd92/numpy-2.2.3-cp312-cp312-musllinux_1_2_aarch64.whl", hash = "sha256:34c1b7e83f94f3b564b35f480f5652a47007dd91f7c839f404d03279cc8dd021", size = 15264272 },
    { url = "https://files.pythonhosted.org/packages/dc/b6/50bd027cca494de4fa1fc7bf1662983d0ba5f256fa0ece2c376b5eb9b3f0/numpy-2.2.3-cp312-cp312-musllinux_1_2_x86_64.whl", hash = "sha256:4d8335b5f1b6e2bce120d55fb17064b0262ff29b459e8493d1785c18ae2553b8", size = 17880549 },
    { url = "https://files.pythonhosted.org/packages/96/30/f7bf4acb5f8db10a96f73896bdeed7a63373137b131ca18bd3dab889db3b/numpy-2.2.3-cp312-cp312-win32.whl", hash = "sha256:4d9828d25fb246bedd31e04c9e75714a4087211ac348cb39c8c5f99dbb6683fe", size = 6293394 },
    { url = "https://files.pythonhosted.org/packages/42/6e/55580a538116d16ae7c9aa17d4edd56e83f42126cb1dfe7a684da7925d2c/numpy-2.2.3-cp312-cp312-win_amd64.whl", hash = "sha256:83807d445817326b4bcdaaaf8e8e9f1753da04341eceec705c001ff342002e5d", size = 12626357 },
    { url = "https://files.pythonhosted.org/packages/0e/8b/88b98ed534d6a03ba8cddb316950fe80842885709b58501233c29dfa24a9/numpy-2.2.3-cp313-cp313-macosx_10_13_x86_64.whl", hash = "sha256:7bfdb06b395385ea9b91bf55c1adf1b297c9fdb531552845ff1d3ea6e40d5aba", size = 20916001 },
    { url = "https://files.pythonhosted.org/packages/d9/b4/def6ec32c725cc5fbd8bdf8af80f616acf075fe752d8a23e895da8c67b70/numpy-2.2.3-cp313-cp313-macosx_11_0_arm64.whl", hash = "sha256:23c9f4edbf4c065fddb10a4f6e8b6a244342d95966a48820c614891e5059bb50", size = 14130721 },
    { url = "https://files.pythonhosted.org/packages/20/60/70af0acc86495b25b672d403e12cb25448d79a2b9658f4fc45e845c397a8/numpy-2.2.3-cp313-cp313-macosx_14_0_arm64.whl", hash = "sha256:a0c03b6be48aaf92525cccf393265e02773be8fd9551a2f9adbe7db1fa2b60f1", size = 5130999 },
    { url = "https://files.pythonhosted.org/packages/2e/69/d96c006fb73c9a47bcb3611417cf178049aae159afae47c48bd66df9c536/numpy-2.2.3-cp313-cp313-macosx_14_0_x86_64.whl", hash = "sha256:2376e317111daa0a6739e50f7ee2a6353f768489102308b0d98fcf4a04f7f3b5", size = 6665299 },
    { url = "https://files.pythonhosted.org/packages/5a/3f/d8a877b6e48103733ac224ffa26b30887dc9944ff95dffdfa6c4ce3d7df3/numpy-2.2.3-cp313-cp313-manylinux_2_17_aarch64.manylinux2014_aarch64.whl", hash = "sha256:8fb62fe3d206d72fe1cfe31c4a1106ad2b136fcc1606093aeab314f02930fdf2", size = 14064096 },
    { url = "https://files.pythonhosted.org/packages/e4/43/619c2c7a0665aafc80efca465ddb1f260287266bdbdce517396f2f145d49/numpy-2.2.3-cp313-cp313-manylinux_2_17_x86_64.manylinux2014_x86_64.whl", hash = "sha256:52659ad2534427dffcc36aac76bebdd02b67e3b7a619ac67543bc9bfe6b7cdb1", size = 16114758 },
    { url = "https://files.pythonhosted.org/packages/d9/79/ee4fe4f60967ccd3897aa71ae14cdee9e3c097e3256975cc9575d393cb42/numpy-2.2.3-cp313-cp313-musllinux_1_2_aarch64.whl", hash = "sha256:1b416af7d0ed3271cad0f0a0d0bee0911ed7eba23e66f8424d9f3dfcdcae1304", size = 15259880 },
    { url = "https://files.pythonhosted.org/packages/fb/c8/8b55cf05db6d85b7a7d414b3d1bd5a740706df00bfa0824a08bf041e52ee/numpy-2.2.3-cp313-cp313-musllinux_1_2_x86_64.whl", hash = "sha256:1402da8e0f435991983d0a9708b779f95a8c98c6b18a171b9f1be09005e64d9d", size = 17876721 },
    { url = "https://files.pythonhosted.org/packages/21/d6/b4c2f0564b7dcc413117b0ffbb818d837e4b29996b9234e38b2025ed24e7/numpy-2.2.3-cp313-cp313-win32.whl", hash = "sha256:136553f123ee2951bfcfbc264acd34a2fc2f29d7cdf610ce7daf672b6fbaa693", size = 6290195 },
    { url = "https://files.pythonhosted.org/packages/97/e7/7d55a86719d0de7a6a597949f3febefb1009435b79ba510ff32f05a8c1d7/numpy-2.2.3-cp313-cp313-win_amd64.whl", hash = "sha256:5b732c8beef1d7bc2d9e476dbba20aaff6167bf205ad9aa8d30913859e82884b", size = 12619013 },
    { url = "https://files.pythonhosted.org/packages/a6/1f/0b863d5528b9048fd486a56e0b97c18bf705e88736c8cea7239012119a54/numpy-2.2.3-cp313-cp313t-macosx_10_13_x86_64.whl", hash = "sha256:435e7a933b9fda8126130b046975a968cc2d833b505475e588339e09f7672890", size = 20944621 },
    { url = "https://files.pythonhosted.org/packages/aa/99/b478c384f7a0a2e0736177aafc97dc9152fc036a3fdb13f5a3ab225f1494/numpy-2.2.3-cp313-cp313t-macosx_11_0_arm64.whl", hash = "sha256:7678556eeb0152cbd1522b684dcd215250885993dd00adb93679ec3c0e6e091c", size = 14142502 },
    { url = "https://files.pythonhosted.org/packages/fb/61/2d9a694a0f9cd0a839501d362de2a18de75e3004576a3008e56bdd60fcdb/numpy-2.2.3-cp313-cp313t-macosx_14_0_arm64.whl", hash = "sha256:2e8da03bd561504d9b20e7a12340870dfc206c64ea59b4cfee9fceb95070ee94", size = 5176293 },
    { url = "https://files.pythonhosted.org/packages/33/35/51e94011b23e753fa33f891f601e5c1c9a3d515448659b06df9d40c0aa6e/numpy-2.2.3-cp313-cp313t-macosx_14_0_x86_64.whl", hash = "sha256:c9aa4496fd0e17e3843399f533d62857cef5900facf93e735ef65aa4bbc90ef0", size = 6691874 },
    { url = "https://files.pythonhosted.org/packages/ff/cf/06e37619aad98a9d03bd8d65b8e3041c3a639be0f5f6b0a0e2da544538d4/numpy-2.2.3-cp313-cp313t-manylinux_2_17_aarch64.manylinux2014_aarch64.whl", hash = "sha256:f4ca91d61a4bf61b0f2228f24bbfa6a9facd5f8af03759fe2a655c50ae2c6610", size = 14036826 },
    { url = "https://files.pythonhosted.org/packages/0c/93/5d7d19955abd4d6099ef4a8ee006f9ce258166c38af259f9e5558a172e3e/numpy-2.2.3-cp313-cp313t-manylinux_2_17_x86_64.manylinux2014_x86_64.whl", hash = "sha256:deaa09cd492e24fd9b15296844c0ad1b3c976da7907e1c1ed3a0ad21dded6f76", size = 16096567 },
    { url = "https://files.pythonhosted.org/packages/af/53/d1c599acf7732d81f46a93621dab6aa8daad914b502a7a115b3f17288ab2/numpy-2.2.3-cp313-cp313t-musllinux_1_2_aarch64.whl", hash = "sha256:246535e2f7496b7ac85deffe932896a3577be7af8fb7eebe7146444680297e9a", size = 15242514 },
    { url = "https://files.pythonhosted.org/packages/53/43/c0f5411c7b3ea90adf341d05ace762dad8cb9819ef26093e27b15dd121ac/numpy-2.2.3-cp313-cp313t-musllinux_1_2_x86_64.whl", hash = "sha256:daf43a3d1ea699402c5a850e5313680ac355b4adc9770cd5cfc2940e7861f1bf", size = 17872920 },
    { url = "https://files.pythonhosted.org/packages/5b/57/6dbdd45ab277aff62021cafa1e15f9644a52f5b5fc840bc7591b4079fb58/numpy-2.2.3-cp313-cp313t-win32.whl", hash = "sha256:cf802eef1f0134afb81fef94020351be4fe1d6681aadf9c5e862af6602af64ef", size = 6346584 },
    { url = "https://files.pythonhosted.org/packages/97/9b/484f7d04b537d0a1202a5ba81c6f53f1846ae6c63c2127f8df869ed31342/numpy-2.2.3-cp313-cp313t-win_amd64.whl", hash = "sha256:aee2512827ceb6d7f517c8b85aa5d3923afe8fc7a57d028cffcd522f1c6fd082", size = 12706784 },
]

[[package]]
name = "psdtags"
version = "2025.1.1"
source = { registry = "https://pypi.org/simple" }
dependencies = [
    { name = "numpy" },
]
sdist = { url = "https://files.pythonhosted.org/packages/48/7e/51698260807cc8ca28ed10d7fb0f573130ccfc2be489ad0e79bfec198f81/psdtags-2025.1.1.tar.gz", hash = "sha256:3c4975d128511debc1821eed66e6e50c2279d4a394c73d4fe5e3ccfab5fa933c", size = 41217 }
wheels = [
    { url = "https://files.pythonhosted.org/packages/5f/f9/11f7a6eaf0190c26429623c913a89fcdce1f45d5cf4887e45d059e027c6d/psdtags-2025.1.1-py3-none-any.whl", hash = "sha256:f1cc223f5d7d842055c04cc39dd24196b5b297add04de8bd7f088aa769b9610c", size = 30955 },
]
